
Microsoft Visual Studio Solution File, Format Version 12.00
# Visual Studio Version 17
VisualStudioVersion = 17.2.32519.379
MinimumVisualStudioVersion = 10.0.40219.1
Project("{9A19103F-16F7-4668-BE54-9A1E7A4F7556}") = "WebCommerce", "WebCommerce\WebCommerce.csproj", "{7D53D6AF-BE0C-46C1-B983-740E5BFC3DD3}"
EndProject
Project("{9A19103F-16F7-4668-BE54-9A1E7A4F7556}") = "WebCommerce.Entities", "WebCommerce.Entities\WebCommerce.Entities.csproj", "{86227367-3E6F-4D3E-8A21-B960D3559FB1}"
EndProject
Project("{9A19103F-16F7-4668-BE54-9A1E7A4F7556}") = "WebCommerce.DataAccess", "WebCommerce.DataAccess\WebCommerce.DataAccess.csproj", "{4B3ED48A-8390-4093-BE28-440CFB70CB0A}"
EndProject
Project("{FAE04EC0-301F-11D3-BF4B-00C04F79EFBC}") = "WebCommerce.Dto", "WebCommerce.Dto\WebCommerce.Dto.csproj", "{790A44F0-862F-4824-AF2D-5148A6DF5AF9}"
EndProject
Project("{FAE04EC0-301F-11D3-BF4B-00C04F79EFBC}") = "WebCommerce.Repositories", "WebCommerce.Repositories\WebCommerce.Repositories.csproj", "{BACBB2AF-48BB-4703-A8CC-2EAAAB4565B7}"
EndProject
Project("{FAE04EC0-301F-11D3-BF4B-00C04F79EFBC}") = "WebCommerce.Services", "WebCommerce.Services\WebCommerce.Services.csproj", "{85054237-6818-489B-9DFB-5094CD74AB16}"
EndProject
Global
	GlobalSection(SolutionConfigurationPlatforms) = preSolution
		Debug|Any CPU = Debug|Any CPU
		Release|Any CPU = Release|Any CPU
	EndGlobalSection
	GlobalSection(ProjectConfigurationPlatforms) = postSolution
		{7D53D6AF-BE0C-46C1-B983-740E5BFC3DD3}.Debug|Any CPU.ActiveCfg = Debug|Any CPU
		{7D53D6AF-BE0C-46C1-B983-740E5BFC3DD3}.Debug|Any CPU.Build.0 = Debug|Any CPU
		{7D53D6AF-BE0C-46C1-B983-740E5BFC3DD3}.Release|Any CPU.ActiveCfg = Release|Any CPU
		{7D53D6AF-BE0C-46C1-B983-740E5BFC3DD3}.Release|Any CPU.Build.0 = Release|Any CPU
		{86227367-3E6F-4D3E-8A21-B960D3559FB1}.Debug|Any CPU.ActiveCfg = Debug|Any CPU
		{86227367-3E6F-4D3E-8A21-B960D3559FB1}.Debug|Any CPU.Build.0 = Debug|Any CPU
		{86227367-3E6F-4D3E-8A21-B960D3559FB1}.Release|Any CPU.ActiveCfg = Release|Any CPU
		{86227367-3E6F-4D3E-8A21-B960D3559FB1}.Release|Any CPU.Build.0 = Release|Any CPU
		{4B3ED48A-8390-4093-BE28-440CFB70CB0A}.Debug|Any CPU.ActiveCfg = Debug|Any CPU
		{4B3ED48A-8390-4093-BE28-440CFB70CB0A}.Debug|Any CPU.Build.0 = Debug|Any CPU
		{4B3ED48A-8390-4093-BE28-440CFB70CB0A}.Release|Any CPU.ActiveCfg = Release|Any CPU
		{4B3ED48A-8390-4093-BE28-440CFB70CB0A}.Release|Any CPU.Build.0 = Release|Any CPU
		{790A44F0-862F-4824-AF2D-5148A6DF5AF9}.Debug|Any CPU.ActiveCfg = Debug|Any CPU
		{790A44F0-862F-4824-AF2D-5148A6DF5AF9}.Debug|Any CPU.Build.0 = Debug|Any CPU
		{790A44F0-862F-4824-AF2D-5148A6DF5AF9}.Release|Any CPU.ActiveCfg = Release|Any CPU
		{790A44F0-862F-4824-AF2D-5148A6DF5AF9}.Release|Any CPU.Build.0 = Release|Any CPU
		{BACBB2AF-48BB-4703-A8CC-2EAAAB4565B7}.Debug|Any CPU.ActiveCfg = Debug|Any CPU
		{BACBB2AF-48BB-4703-A8CC-2EAAAB4565B7}.Debug|Any CPU.Build.0 = Debug|Any CPU
		{BACBB2AF-48BB-4703-A8CC-2EAAAB4565B7}.Release|Any CPU.ActiveCfg = Release|Any CPU
		{BACBB2AF-48BB-4703-A8CC-2EAAAB4565B7}.Release|Any CPU.Build.0 = Release|Any CPU
		{85054237-6818-489B-9DFB-5094CD74AB16}.Debug|Any CPU.ActiveCfg = Debug|Any CPU
		{85054237-6818-489B-9DFB-5094CD74AB16}.Debug|Any CPU.Build.0 = Debug|Any CPU
		{85054237-6818-489B-9DFB-5094CD74AB16}.Release|Any CPU.ActiveCfg = Release|Any CPU
		{85054237-6818-489B-9DFB-5094CD74AB16}.Release|Any CPU.Build.0 = Release|Any CPU
	EndGlobalSection
	GlobalSection(SolutionProperties) = preSolution
		HideSolutionNode = FALSE
	EndGlobalSection
	GlobalSection(ExtensibilityGlobals) = postSolution
		SolutionGuid = {0D4068F5-7EB9-4351-A723-543889F71963}
	EndGlobalSection
EndGlobal
